[[locked]]
name = "appar"
vendored = "0.1.8"
sha256 = "sha256:987f58ce38956b63606b966f1a71bbd44df31ad554e994407c59180ae720d962"
depends = []

[[locked]]
name = "assoc"
vendored = "1.1.1"
sha256 = "sha256:8cd0ee44f2adee2deefee89cc57a0aeca0a37e6ce5e15cfe9b3b011260063606"
depends = []

[[locked]]
name = "async"
vendored = "2.2.6"
sha256 = "sha256:e23227160530a51211b872bde1cfdc23ad905a11770f1c13eab77e69eaa50727"
depends = ["hashable", "unordered-containers"]

[[locked]]
name = "base-orphans"
vendored = "0.9.4"
sha256 = "sha256:d144b6dc9be81f222f77b463a13a07779482a9a25fd823c836587344bb6a2eb8"
depends = []

[[locked]]
name = "base16"
vendored = "1.0"
sha256 = "sha256:856cfdd7b0c36bd6db3e08eeb6b2193af2306a87470090a89851be5495d0e31e"
depends = ["primitive", "text-short"]

[[locked]]
name = "base16-bytestring"
vendored = "1.0.2.0"
sha256 = "sha256:3a2800058f3667dfdd0deb92a9df9e1a162b1fa0c037d02a33e42bf1783d6c52"
depends = []

[[locked]]
name = "base64"
vendored = "1.0"
sha256 = "sha256:e36bcddda10ea0f99298973982d24ed1ec63c6f81eaf80f665bfca46d0e80f34"
depends = ["text-short"]

[[locked]]
name = "base64-bytestring"
vendored = "1.2.1.0"
sha256 = "sha256:e039c6b15487ea10d749dd1227c04c4899dba452f15b2ca517eca5270ff2c905"
depends = []

[[locked]]
name = "blaze-builder"
vendored = "0.4.4.1"
sha256 = "sha256:3b04e36a08274a9e0fc47aeeb9aa44b7d999710352651f578ef4f96a22db2384"
depends = []

[[locked]]
name = "byteorder"
vendored = "1.0.4"
sha256 = "sha256:62c3e4de918f438754db2d1ab5c01f0fb987203b1fe6b5b2fe4a5f55bfe501d4"
depends = []

[[locked]]
name = "case-insensitive"
vendored = "1.2.1.0"
sha256 = "sha256:0025de255c1360a3ea2a2842d1f1ee5568154fdb9be121cc0dba75603bb2ecc9"
depends = ["hashable"]

[[locked]]
name = "cborg"
vendored = "0.2.10.0"
sha256 = "sha256:9ab849189d394ea300b75330ced46ef33f1a12f72b012296df68f8b2ec9b8849"
depends = ["half", "primitive"]

[[locked]]
name = "cereal"
vendored = "0.5.8.3"
sha256 = "sha256:b38f90fd5f3bc4a83f12cf618227aa42d7e5b1e4e6b6e9a7f0f5b9bf5c03fc82"
depends = []

[[locked]]
name = "cookie"
vendored = "0.5.1"
sha256 = "sha256:4484c82d39eb3da3c3f066dc36b2a9f8fea7fb06e8899979e5992bbce3481241"
depends = ["data-default-class"]

[[locked]]
name = "cryptohash-md5"
vendored = "0.11.101.0"
sha256 = "sha256:161d1447a08ca70e2ab25a24df78b95c9db9f30e5f5675ad92bac83acccc6f99"
depends = []

[[locked]]
name = "crypton"
vendored = "1.1.4"
sha256 = "sha256:113ecd53c0fe1bf8596e371b17210de92c69a8e5dbe6e0012617645504850532"
depends = ["base16", "primitive", "ram"]

[[locked]]
name = "crypton-asn1-encoding"
vendored = "0.10.0"
sha256 = "sha256:67dd6480f89d796837f4206b5920cd68698dd85b66d7e6d770b185f2c49beecb"
depends = ["crypton-asn1-types", "time-hourglass"]

[[locked]]
name = "crypton-asn1-parse"
vendored = "0.10.0"
sha256 = "sha256:03f4f6f1baba22f77b7dd0458197ae4c01bc89fc5328891b5736d91fe530b92c"
depends = ["crypton-asn1-types"]

[[locked]]
name = "crypton-asn1-types"
vendored = "0.4.1"
sha256 = "sha256:46852a1205cbb3dd9d373d7daa9943be07ccaf8f83fc81a4a68af94c3b9616a9"
depends = ["base16", "time-hourglass"]

[[locked]]
name = "crypton-connection"
vendored = "0.4.6"
sha256 = "sha256:fb60b7de2630080dc7909330db691b0a732039914cefdbca9f126cbc6213052e"
depends = ["crypton-socks", "crypton-x509-store", "crypton-x509-system", "data-default", "network", "tls"]

[[locked]]
name = "crypton-pem"
vendored = "0.3.0"
sha256 = "sha256:fa34a66bae0e8affd4579404f5555c5a2a8bc0c955c41a8528087de18115ce63"
depends = ["base64"]

[[locked]]
name = "crypton-socks"
vendored = "0.6.2"
sha256 = "sha256:c954ac54140cf814fcfdf5d39fb756cfb4eaa7d7f426c1976b24e153bab45725"
depends = ["cereal", "network"]

[[locked]]
name = "crypton-x509"
vendored = "1.9.1"
sha256 = "sha256:2514fd4ddd8a0aa5df4a9842290d58b7f5e16d57a13749c7a446223df56e15c2"
depends = ["crypton", "crypton-asn1-encoding", "crypton-asn1-parse", "crypton-asn1-types", "crypton-pem", "ram", "time-hourglass"]

[[locked]]
name = "crypton-x509-store"
vendored = "1.9.0"
sha256 = "sha256:087cff9ca11cc898b46b655aa37e891f29da07a1fd7d6f698f1cbbb2842867a7"
depends = ["crypton", "crypton-asn1-encoding", "crypton-asn1-types", "crypton-pem", "crypton-x509"]

[[locked]]
name = "crypton-x509-system"
vendored = "1.9.0"
sha256 = "sha256:293862332d12040303d0edf3849f78eeee8562509c6ee2157877340416f8ebaa"
depends = ["crypton-pem", "crypton-x509", "crypton-x509-store"]

[[locked]]
name = "crypton-x509-validation"
vendored = "1.9.1"
sha256 = "sha256:b92adb4715bbf84f1eeeded0f96d8f41f0835fc3222152141a04de36a3b7971e"
depends = ["crypton", "crypton-asn1-encoding", "crypton-asn1-types", "crypton-pem", "crypton-x509", "crypton-x509-store", "data-default", "iproute", "ram", "time-hourglass"]

[[locked]]
name = "data-default"
vendored = "0.8.0.2"
sha256 = "sha256:3f6d2a90c8e424444bf78ae40b874cfa3352b89876653663c38bc7fbd860d8a1"
depends = []

[[locked]]
name = "data-default-class"
vendored = "0.2.0.0"
sha256 = "sha256:dd70c45638b9cb97e517e2e9063d48afb4c53d26a0edbc3c166811e3f3652891"
depends = ["data-default"]

[[locked]]
name = "ech-config"
vendored = "0.0.1"
sha256 = "sha256:2734c971809dfc3a097dd1e0db23d37ecbb7c20e004a1077f39d0550176def2a"
depends = ["base16-bytestring", "network-byte-order"]

[[locked]]
name = "effectful"
vendored = "2.6.1.0"
sha256 = "sha256:3fbd4ec6ee4596b69aba6e35fabb7af5eb9ed3cbf8a692166003b7a48a5b5b64"
depends = ["async", "effectful-core", "strict-mutable-base", "unliftio"]

[[locked]]
name = "effectful-core"
vendored = "2.6.1.0"
sha256 = "sha256:340eadcad483fabcd73708b340e45f8a713f6d4591a781afb916f473bb000a5c"
depends = ["monad-control", "primitive", "strict-mutable-base", "transformers-base", "unliftio-core"]

[[locked]]
name = "half"
vendored = "0.3.3"
sha256 = "sha256:be4af452e41edfc7c250375b1d4dff8986105946efa46242a63908c64932bd89"
depends = []

[[locked]]
name = "hashable"
vendored = "1.5.1.0"
sha256 = "sha256:9b70e8fb5af03d374ef41aaaf89409d2c76b472f7d31fc76575cedd98f867beb"
depends = ["os-string"]

[[locked]]
name = "hpke"
vendored = "0.1.0"
sha256 = "sha256:f56527cdf11288d48b08a2c31c98d91927b53c4098ec447b6713121c30965057"
depends = ["base16-bytestring", "crypton", "ram"]

[[locked]]
name = "http-client"
vendored = "0.7.19"
sha256 = "sha256:5309f98b588569d58c7743e01aa769df18531614126aa411aa29bc2fbdc2751e"
depends = ["async", "base64-bytestring", "blaze-builder", "case-insensitive", "cookie", "http-types", "iproute", "mime-types", "network", "network-uri", "random", "streaming-commons"]

[[locked]]
name = "http-client-tls"
vendored = "0.4.0"
sha256 = "sha256:f445c8933ddd79a7dde7beda1f3ccd4e73d93eb2e0c9ecdf1a07f103a4276669"
depends = ["base16", "case-insensitive", "cryptohash-md5", "crypton-connection", "data-default", "http-client", "http-types", "network", "network-uri", "tls"]

[[locked]]
name = "http-types"
vendored = "0.12.5"
sha256 = "sha256:8906f88a81bd7204cd32d3842f3959b4788a08bdf3ca59704991b3d969b29f7d"
depends = ["case-insensitive"]

[[locked]]
name = "iproute"
vendored = "1.7.15"
sha256 = "sha256:d78e3c432221b9755a31b429b9714899b0279b40b0e5408da26f79f57cc38faf"
depends = ["appar", "byteorder", "network"]

[[locked]]
name = "mime-types"
vendored = "0.1.2.2"
sha256 = "sha256:6246915bd67ce2924e17119dfd7568927678d4d69cdf042765f0a7bf3b792935"
depends = []

[[locked]]
name = "mlkem"
vendored = "0.2.1.0"
sha256 = "sha256:cd66dd1a7386df03b0bdb0409959775b9170cb8c40c9c495962cfe95b9171f4f"
depends = ["crypton", "primitive", "ram"]

[[locked]]
name = "monad-control"
repo = "https://github.com/basvandijk/monad-control.git"
rev = "378524047ba8f879133bd94e3586bac821187e9e"
sha256 = "sha256:6b2486012c1e305fa1fb2f102b9acb8bae8f3ba1c0b77be8e670aa2f7f413ee9"
depends = ["transformers-base", "transformers-compat"]

[[locked]]
name = "network"
vendored = "3.2.8.0"
sha256 = "sha256:6b61d17403a55cf8df5ae5080e9a23a74d5a53f97730029ddfd6e387a4591fe8"
depends = []

[[locked]]
name = "network-byte-order"
vendored = "0.1.8"
sha256 = "sha256:bc1980e4a3fc223468fe509739f579ba379b9e46c483bc2728a9295c75ec7f93"
depends = []

[[locked]]
name = "network-uri"
vendored = "2.6.4.2"
sha256 = "sha256:413f0541f4fcadf0dd9c100e71899107ccb04835d64c0ac6a0ab611e5b0f4e75"
depends = ["th-compat"]

[[locked]]
name = "os-string"
vendored = "2.0.10"
sha256 = "sha256:b5fbc1fd0f4a06e2f561c369b13a44d243fb8659c84dae2034ab9cc6ff4b76ca"
depends = []

[[locked]]
name = "primitive"
vendored = "0.9.1.0"
sha256 = "sha256:51d40598ea110819d5d89cb3ee3ed3501675875d9c4fe694bbdb021e98c6a631"
depends = []

[[locked]]
name = "ram"
vendored = "0.22.0"
sha256 = "sha256:e47aa4312258fcdfc1ab3ae46ab9e783224eaed57ffb8bf5173bebd55948098f"
depends = []

[[locked]]
name = "random"
vendored = "1.3.1"
sha256 = "sha256:41e23ddbe203c51f969da94aaf0b49764dfc656d5df25c390c8a77fd45d262f6"
depends = ["splitmix"]

[[locked]]
name = "safe-exceptions"
vendored = "0.1.7.4"
sha256 = "sha256:ae0368e4954cc04f58f943fd1b97ea145b11ebf0c2dfc7306d391fd42d29a935"
depends = []

[[locked]]
name = "serialise"
vendored = "0.2.6.1"
sha256 = "sha256:5e68358502487f4809c5224b4fe1c5c6a6f6ff4a4a5c6029c9374e364d093f1f"
depends = ["cborg", "half", "hashable", "primitive", "strict", "these", "unordered-containers", "vector"]

[[locked]]
name = "splitmix"
vendored = "0.1.3.2"
sha256 = "sha256:51000841c7fbbc1b708070350e47df8c66e8705e98e02c0573cea5e2118d42ff"
depends = []

[[locked]]
name = "streaming-commons"
vendored = "0.2.3.1"
sha256 = "sha256:c2d9aabbd990e6f591674e68f9e352fa29f2bd197592a31fe9daf83a712167d2"
depends = ["async", "network", "random", "zlib"]

[[locked]]
name = "strict"
vendored = "0.5.1"
sha256 = "sha256:fd585fa0b2d59bdabae6b20ed9ca6dad45069bea31974d571b9327ffa6e76957"
depends = ["assoc", "hashable", "these"]

[[locked]]
name = "strict-mutable-base"
repo = "https://github.com/arybczak/strict-mutable.git#strict-mutable-base"
rev = "beea8212f10c9b003e86b208a78de43de8f0442c"
sha256 = "sha256:cbd052090028a56ce537d2fd701a37b24ae740ade20c0786e857052bfb7f12ed"
depends = []

[[locked]]
name = "text-short"
vendored = "0.1.6.1"
sha256 = "sha256:6120998856717b1574986d6e524ed2c59c5802f0e04400feb962c1aa42a4037f"
depends = ["hashable"]

[[locked]]
name = "th-compat"
vendored = "0.1.7"
sha256 = "sha256:b1115cde08879837bff006d07bab8f73fc54afce41b8b83b9f88b914e76ccb8e"
depends = []

[[locked]]
name = "these"
vendored = "1.2.1"
sha256 = "sha256:5833b42d4e1ee7de41fd491bab8748741002f28025bb247c553ff140bb93b5fb"
depends = ["assoc", "hashable"]

[[locked]]
name = "time-hourglass"
vendored = "0.3.0"
sha256 = "sha256:a990d9b4f88a97581df6b0c95e162e0564f60bb8c1f5b0299dca8a77f05782ff"
depends = []

[[locked]]
name = "tls"
vendored = "2.4.3"
sha256 = "sha256:d7158e9f4ca3cd26031c7674c2d80b6b4b469522a07d947850c333e554667607"
depends = ["base16-bytestring", "cereal", "crypton", "crypton-asn1-encoding", "crypton-asn1-types", "crypton-x509", "crypton-x509-store", "crypton-x509-validation", "data-default", "ech-config", "hpke", "mlkem", "network", "ram", "random", "serialise", "unix-time", "zlib"]

[[locked]]
name = "transformers-base"
vendored = "0.4.6.1"
sha256 = "sha256:b84fcb6f6350e2cbfc751c46ae2894c34bf3d7f6b757d6cfa118b5b2c8c21e37"
depends = ["base-orphans", "transformers-compat"]

[[locked]]
name = "transformers-compat"
vendored = "0.8"
sha256 = "sha256:d53b9048aa6ce7faccd41c545dc66f1ca61850f6efb1cad93c1c27bcf5c54825"
depends = []

[[locked]]
name = "unix-time"
vendored = "0.5.0"
sha256 = "sha256:e772bf06245665d528b8df76981191b7176070fc5766cc22b082a490842eb5fb"
depends = []

[[locked]]
name = "unliftio"
vendored = "0.2.25.1"
sha256 = "sha256:b3c2a84e5680def7ef49ff25a8c734ec71f434c63f62ebb185a9b90d4aa65c4d"
depends = ["async", "safe-exceptions", "unliftio-core"]

[[locked]]
name = "unliftio-core"
vendored = "0.2.1.0"
sha256 = "sha256:a1e52dc3d66734570e850ad8fb4f7ec794d4f74ac9c22be3f78d38994b0d9a68"
depends = []

[[locked]]
name = "unordered-containers"
vendored = "0.2.21"
sha256 = "sha256:4a0caf5ccd36dbf3b12c33b2321f5476829e9b30449c53a72d85e5ce836fd5df"
depends = ["hashable"]

[[locked]]
name = "vector"
vendored = "0.13.2.0"
sha256 = "sha256:7902181c9739a2dd76b2a2411a7844fcb409331c94be29ae7d8ff4a9da362210"
depends = ["primitive", "vector-stream"]

[[locked]]
name = "vector-stream"
vendored = "0.1.0.1"
sha256 = "sha256:6f11252cc98ea7ec922585d272705c5ee5f8210ddad42ae91466d017a592d484"
depends = []

[[locked]]
name = "zlib"
vendored = "0.7.1.1"
sha256 = "sha256:8f3171d26f3722f01fd7e169e30d5080e1f365a3837cafe23256c30576187d2a"
depends = []
system-libs = ["zlib"]
